<?xml version="1.0" encoding="utf-8"?>
<Project ToolsVersion="4.0" xmlns="http://schemas.microsoft.com/developer/msbuild/2003">
  <ItemGroup>
    <Filter Include="Source Files">
      <UniqueIdentifier>{4FC737F1-C7A5-4376-A066-2A32D752A2FF}</UniqueIdentifier>
      <Extensions>cpp;c;cc;cxx;c++;cppm;ixx;def;odl;idl;hpj;bat;asm;asmx</Extensions>
    </Filter>
    <Filter Include="Header Files">
      <UniqueIdentifier>{93995380-89BD-4b04-88EB-625FBE52EBFB}</UniqueIdentifier>
      <Extensions>h;hh;hpp;hxx;h++;hm;inl;inc;ipp;xsd</Extensions>
    </Filter>
    <Filter Include="Resource Files">
      <UniqueIdentifier>{67DA6AB6-F800-4c08-8B7A-83BB121AAD01}</UniqueIdentifier>
      <Extensions>rc;ico;cur;bmp;dlg;rc2;rct;bin;rgs;gif;jpg;jpeg;jpe;resx;tiff;tif;png;wav;mfcribbon-ms</Extensions>
    </Filter>
    <Filter Include="Source Files\FileModels">
      <UniqueIdentifier>{347c50dc-c46e-42ad-ae5c-f5b417beebae}</UniqueIdentifier>
    </Filter>
    <Filter Include="Header Files\FileModels">
      <UniqueIdentifier>{15065080-d096-457c-90cb-edcb07581be0}</UniqueIdentifier>
    </Filter>
    <Filter Include="Header Files\Structures">
      <UniqueIdentifier>{0d3c49e3-ad96-4edd-82da-737fede435d7}</UniqueIdentifier>
    </Filter>
    <Filter Include="Source Files\Structures">
      <UniqueIdentifier>{1ce93ce7-ab0c-4b13-bc4d-78041ff6a176}</UniqueIdentifier>
    </Filter>
    <Filter Include="Header Files\Commands">
      <UniqueIdentifier>{cb40ddf4-655c-4807-a34d-2e1ad6555bef}</UniqueIdentifier>
    </Filter>
    <Filter Include="Source Files\Commands">
      <UniqueIdentifier>{b883ecf1-fae2-48c4-a520-916537f2e548}</UniqueIdentifier>
    </Filter>
    <Filter Include="Header Files\Constants">
      <UniqueIdentifier>{f3674b6f-6a78-4af5-bc30-1689d10f785b}</UniqueIdentifier>
    </Filter>
    <Filter Include="Source Files\Constants">
      <UniqueIdentifier>{415f96b7-04bf-4e98-a109-d708f7fe85c1}</UniqueIdentifier>
    </Filter>
  </ItemGroup>
  <ItemGroup>
    <ClCompile Include="NetpbmEditor.cpp">
      <Filter>Source Files</Filter>
    </ClCompile>
    <ClCompile Include="Editor.cpp">
      <Filter>Source Files</Filter>
    </ClCompile>
    <ClCompile Include="Session.cpp">
      <Filter>Source Files</Filter>
    </ClCompile>
    <ClCompile Include="FileFactory.cpp">
      <Filter>Source Files</Filter>
    </ClCompile>
    <ClCompile Include="RasterFileContainer.cpp">
      <Filter>Source Files\Structures</Filter>
    </ClCompile>
    <ClCompile Include="GrayscaleCommand.cpp">
      <Filter>Source Files\Commands</Filter>
    </ClCompile>
    <ClCompile Include="PBMFile.cpp">
      <Filter>Source Files\FileModels</Filter>
    </ClCompile>
    <ClCompile Include="PGMFile.cpp">
      <Filter>Source Files\FileModels</Filter>
    </ClCompile>
    <ClCompile Include="PPMFile.cpp">
      <Filter>Source Files\FileModels</Filter>
    </ClCompile>
    <ClCompile Include="CommandContainer.cpp">
      <Filter>Source Files\Structures</Filter>
    </ClCompile>
    <ClCompile Include="Engine.cpp">
      <Filter>Source Files</Filter>
    </ClCompile>
    <ClCompile Include="MonochromeCommand.cpp">
      <Filter>Source Files\Commands</Filter>
    </ClCompile>
    <ClCompile Include="LoadCommand.cpp">
      <Filter>Source Files\Commands</Filter>
    </ClCompile>
    <ClCompile Include="MyString.cpp">
      <Filter>Source Files\Commands</Filter>
    </ClCompile>
    <ClCompile Include="Constants.cpp">
      <Filter>Source Files\Constants</Filter>
    </ClCompile>
    <ClCompile Include="DynamicSet.cpp">
      <Filter>Source Files\Structures</Filter>
    </ClCompile>
    <ClCompile Include="RasterFile.cpp">
      <Filter>Source Files\FileModels</Filter>
    </ClCompile>
    <ClCompile Include="RGBData.cpp">
      <Filter>Source Files\FileModels</Filter>
    </ClCompile>
    <ClCompile Include="NegativeCommand.cpp">
      <Filter>Source Files\Commands</Filter>
    </ClCompile>
    <ClCompile Include="RotateCommand.cpp">
      <Filter>Source Files\Commands</Filter>
    </ClCompile>
    <ClCompile Include="AddCommand.cpp">
      <Filter>Source Files\Commands</Filter>
    </ClCompile>
    <ClCompile Include="CollageCommand.cpp">
      <Filter>Source Files\Commands</Filter>
    </ClCompile>
    <ClCompile Include="SwitchCommand.cpp">
      <Filter>Source Files\Commands</Filter>
    </ClCompile>
  </ItemGroup>
  <ItemGroup>
    <ClInclude Include="Editor.h">
      <Filter>Header Files</Filter>
    </ClInclude>
    <ClInclude Include="Vector.hpp">
      <Filter>Header Files\Structures</Filter>
    </ClInclude>
    <ClInclude Include="Session.h">
      <Filter>Header Files</Filter>
    </ClInclude>
    <ClInclude Include="RasterFile.h">
      <Filter>Header Files\FileModels</Filter>
    </ClInclude>
    <ClInclude Include="PPMFile.h">
      <Filter>Header Files\FileModels</Filter>
    </ClInclude>
    <ClInclude Include="PGMFile.h">
      <Filter>Header Files\FileModels</Filter>
    </ClInclude>
    <ClInclude Include="PBMFile.h">
      <Filter>Header Files\FileModels</Filter>
    </ClInclude>
    <ClInclude Include="FileFactory.h">
      <Filter>Header Files</Filter>
    </ClInclude>
    <ClInclude Include="RasterFileContainer.h">
      <Filter>Header Files\Structures</Filter>
    </ClInclude>
    <ClInclude Include="Command.h">
      <Filter>Header Files\Commands</Filter>
    </ClInclude>
    <ClInclude Include="GrayscaleCommand.h">
      <Filter>Header Files\Commands</Filter>
    </ClInclude>
    <ClInclude Include="CommandContainer.h">
      <Filter>Header Files\Structures</Filter>
    </ClInclude>
    <ClInclude Include="Engine.h">
      <Filter>Header Files</Filter>
    </ClInclude>
    <ClInclude Include="MonochromeCommand.h">
      <Filter>Header Files\Commands</Filter>
    </ClInclude>
    <ClInclude Include="LoadCommand.h">
      <Filter>Header Files\Commands</Filter>
    </ClInclude>
    <ClInclude Include="MyString.h">
      <Filter>Header Files\Structures</Filter>
    </ClInclude>
    <ClInclude Include="Constants.h">
      <Filter>Header Files\Constants</Filter>
    </ClInclude>
    <ClInclude Include="DynamicSet.h">
      <Filter>Header Files\Structures</Filter>
    </ClInclude>
    <ClInclude Include="RGBData.h">
      <Filter>Header Files\FileModels</Filter>
    </ClInclude>
    <ClInclude Include="NegativeCommand.h">
      <Filter>Header Files\Commands</Filter>
    </ClInclude>
    <ClInclude Include="Direction.h">
      <Filter>Source Files\Constants</Filter>
    </ClInclude>
    <ClInclude Include="RotateCommand.h">
      <Filter>Header Files\Commands</Filter>
    </ClInclude>
    <ClInclude Include="AddCommand.h">
      <Filter>Header Files\Commands</Filter>
    </ClInclude>
    <ClInclude Include="CollageCommand.h">
      <Filter>Header Files\Commands</Filter>
    </ClInclude>
    <ClInclude Include="SwitchCommand.h">
      <Filter>Header Files\Commands</Filter>
    </ClInclude>
  </ItemGroup>
</Project>